
Microsoft Visual Studio Solution File, Format Version 12.00
# Visual Studio 15
VisualStudioVersion = 15.0.27428.2027
MinimumVisualStudioVersion = 10.0.40219.1
Project("{FAE04EC0-301F-11D3-BF4B-00C04F79EFBC}") = "LLEmployees", "LLEmployees\LLEmployees.csproj", "{2EF09C05-8D42-45ED-BD80-FA7C46E12437}"
EndProject
Global
	GlobalSection(SolutionConfigurationPlatforms) = preSolution
		Debug|Any CPU = Debug|Any CPU
		Release|Any CPU = Release|Any CPU
	EndGlobalSection
	GlobalSection(ProjectConfigurationPlatforms) = postSolution
		{2EF09C05-8D42-45ED-BD80-FA7C46E12437}.Debug|Any CPU.ActiveCfg = Debug|Any CPU
		{2EF09C05-8D42-45ED-BD80-FA7C46E12437}.Debug|Any CPU.Build.0 = Debug|Any CPU
		{2EF09C05-8D42-45ED-BD80-FA7C46E12437}.Release|Any CPU.ActiveCfg = Release|Any CPU
		{2EF09C05-8D42-45ED-BD80-FA7C46E12437}.Release|Any CPU.Build.0 = Release|Any CPU
	EndGlobalSection
	GlobalSection(SolutionProperties) = preSolution
		HideSolutionNode = FALSE
	EndGlobalSection
	GlobalSection(ExtensibilityGlobals) = postSolution
		SolutionGuid = {75634DBE-3B81-46E0-AE57-AE764F28A25C}
	EndGlobalSection
EndGlobal
